// !$*UTF8*$!
{
	archiveVersion = 1;
	classes = {
	};
	objectVersion = 50;
	objects = {

/* Begin PBXBuildFile section */
		044AAE3A258CB26200F5EC4E /* AppDelegate.swift in Sources */ = {isa = PBXBuildFile; fileRef = 044AAE39258CB26200F5EC4E /* AppDelegate.swift */; };
		044AAE3C258CB26200F5EC4E /* SceneDelegate.swift in Sources */ = {isa = PBXBuildFile; fileRef = 044AAE3B258CB26200F5EC4E /* SceneDelegate.swift */; };
		044AAE3E258CB26200F5EC4E /* ViewController.swift in Sources */ = {isa = PBXBuildFile; fileRef = 044AAE3D258CB26200F5EC4E /* ViewController.swift */; };
		044AAE41258CB26200F5EC4E /* Main.storyboard in Resources */ = {isa = PBXBuildFile; fileRef = 044AAE3F258CB26200F5EC4E /* Main.storyboard */; };
		044AAE43258CB26300F5EC4E /* Assets.xcassets in Resources */ = {isa = PBXBuildFile; fileRef = 044AAE42258CB26300F5EC4E /* Assets.xcassets */; };
		044AAE46258CB26300F5EC4E /* LaunchScreen.storyboard in Resources */ = {isa = PBXBuildFile; fileRef = 044AAE44258CB26300F5EC4E /* LaunchScreen.storyboard */; };
/* End PBXBuildFile section */

/* Begin PBXFileReference section */
		044AAE36258CB26200F5EC4E /* Lesson5HomeWork1.app */ = {isa = PBXFileReference; explicitFileType = wrapper.application; includeInIndex = 0; path = Lesson5HomeWork1.app; sourceTree = BUILT_PRODUCTS_DIR; };
		044AAE39258CB26200F5EC4E /* AppDelegate.swift */ = {isa = PBXFileReference; lastKnownFileType = sourcecode.swift; path = AppDelegate.swift; sourceTree = "<group>"; };
		044AAE3B258CB26200F5EC4E /* SceneDelegate.swift */ = {isa = PBXFileReference; lastKnownFileType = sourcecode.swift; path = SceneDelegate.swift; sourceTree = "<group>"; };
		044AAE3D258CB26200F5EC4E /* ViewController.swift */ = {isa = PBXFileReference; lastKnownFileType = sourcecode.swift; path = ViewController.swift; sourceTree = "<group>"; };
		044AAE40258CB26200F5EC4E /* Base */ = {isa = PBXFileReference; lastKnownFileType = file.storyboard; name = Base; path = Base.lproj/Main.storyboard; sourceTree = "<group>"; };
		044AAE42258CB26300F5EC4E /* Assets.xcassets */ = {isa = PBXFileReference; lastKnownFileType = folder.assetcatalog; path = Assets.xcassets; sourceTree = "<group>"; };
		044AAE45258CB26300F5EC4E /* Base */ = {isa = PBXFileReference; lastKnownFileType = file.storyboard; name = Base; path = Base.lproj/LaunchScreen.storyboard; sourceTree = "<group>"; };
		044AAE47258CB26300F5EC4E /* Info.plist */ = {isa = PBXFileReference; lastKnownFileType = text.plist.xml; path = Info.plist; sourceTree = "<group>"; };
/* End PBXFileReference section */

/* Begin PBXFrameworksBuildPhase section */
		044AAE33258CB26200F5EC4E /* Frameworks */ = {
			isa = PBXFrameworksBuildPhase;
			buildActionMask = 2147483647;
			files = (
			);
			runOnlyForDeploymentPostprocessing = 0;
		};
/* End PBXFrameworksBuildPhase section */

/* Begin PBXGroup section */
		044AAE2D258CB26200F5EC4E = {
			isa = PBXGroup;
			children = (
				044AAE38258CB26200F5EC4E /* Lesson5HomeWork1 */,
				044AAE37258CB26200F5EC4E /* Products */,
			);
			sourceTree = "<group>";
		};
		044AAE37258CB26200F5EC4E /* Products */ = {
			isa = PBXGroup;
			children = (
				044AAE36258CB26200F5EC4E /* Lesson5HomeWork1.app */,
			);
			name = Products;
			sourceTree = "<group>";
		};
		044AAE38258CB26200F5EC4E /* Lesson5HomeWork1 */ = {
			isa = PBXGroup;
			children = (
				044AAE39258CB26200F5EC4E /* AppDelegate.swift */,
				044AAE3B258CB26200F5EC4E /* SceneDelegate.swift */,
				044AAE3D258CB26200F5EC4E /* ViewController.swift */,
				044AAE3F258CB26200F5EC4E /* Main.storyboard */,
				044AAE42258CB26300F5EC4E /* Assets.xcassets */,
				044AAE44258CB26300F5EC4E /* LaunchScreen.storyboard */,
				044AAE47258CB26300F5EC4E /* Info.plist */,
			);
			path = Lesson5HomeWork1;
			sourceTree = "<group>";
		};
/* End PBXGroup section */

/* Begin PBXNativeTarget section */
		044AAE35258CB26200F5EC4E /* Lesson5HomeWork1 */ = {
			isa = PBXNativeTarget;
			buildConfigurationList = 044AAE4A258CB26300F5EC4E /* Build configuration list for PBXNativeTarget "Lesson5HomeWork1" */;
			buildPhases = (
				044AAE32258CB26200F5EC4E /* Sources */,
				044AAE33258CB26200F5EC4E /* Frameworks */,
				044AAE34258CB26200F5EC4E /* Resources */,
			);
			buildRules = (
			);
			dependencies = (
			);
			name = Lesson5HomeWork1;
			productName = Lesson5HomeWork1;
			productReference = 044AAE36258CB26200F5EC4E /* Lesson5HomeWork1.app */;
			productType = "com.apple.product-type.application";
		};
/* End PBXNativeTarget section */

/* Begin PBXProject section */
		044AAE2E258CB26200F5EC4E /* Project object */ = {
			isa = PBXProject;
			attributes = {
				LastSwiftUpdateCheck = 1210;
				LastUpgradeCheck = 1210;
				TargetAttributes = {
					044AAE35258CB26200F5EC4E = {
						CreatedOnToolsVersion = 12.1;
					};
				};
			};
			buildConfigurationList = 044AAE31258CB26200F5EC4E /* Build configuration list for PBXProject "Lesson5HomeWork1" */;
			compatibilityVersion = "Xcode 9.3";
			developmentRegion = en;
			hasScannedForEncodings = 0;
			knownRegions = (
				en,
				Base,
			);
			mainGroup = 044AAE2D258CB26200F5EC4E;
			productRefGroup = 044AAE37258CB26200F5EC4E /* Products */;
			projectDirPath = "";
			projectRoot = "";
			targets = (
				044AAE35258CB26200F5EC4E /* Lesson5HomeWork1 */,
			);
		};
/* End PBXProject section */

/* Begin PBXResourcesBuildPhase section */
		044AAE34258CB26200F5EC4E /* Resources */ = {
			isa = PBXResourcesBuildPhase;
			buildActionMask = 2147483647;
			files = (
				044AAE46258CB26300F5EC4E /* LaunchScreen.storyboard in Resources */,
				044AAE43258CB26300F5EC4E /* Assets.xcassets in Resources */,
				044AAE41258CB26200F5EC4E /* Main.storyboard in Resources */,
			);
			runOnlyForDeploymentPostprocessing = 0;
		};
/* End PBXResourcesBuildPhase section */

/* Begin PBXSourcesBuildPhase section */
		044AAE32258CB26200F5EC4E /* Sources */ = {
			isa = PBXSourcesBuildPhase;
			buildActionMask = 2147483647;
			files = (
				044AAE3E258CB26200F5EC4E /* ViewController.swift in Sources */,
				044AAE3A258CB26200F5EC4E /* AppDelegate.swift in Sources */,
				044AAE3C258CB26200F5EC4E /* SceneDelegate.swift in Sources */,
			);
			runOnlyForDeploymentPostprocessing = 0;
		};
/* End PBXSourcesBuildPhase section */

/* Begin PBXVariantGroup section */
		044AAE3F258CB26200F5EC4E /* Main.storyboard */ = {
			isa = PBXVariantGroup;
			children = (
				044AAE40258CB26200F5EC4E /* Base */,
			);
			name = Main.storyboard;
			sourceTree = "<group>";
		};
		044AAE44258CB26300F5EC4E /* LaunchScreen.storyboard */ = {
			isa = PBXVariantGroup;
			children = (
				044AAE45258CB26300F5EC4E /* Base */,
			);
			name = LaunchScreen.storyboard;
			sourceTree = "<group>";
		};
/* End PBXVariantGroup section */

/* Begin XCBuildConfiguration section */
		044AAE48258CB26300F5EC4E /* Debug */ = {
			isa = XCBuildConfiguration;
			buildSettings = {
				ALWAYS_SEARCH_USER_PATHS = NO;
				CLANG_ANALYZER_NONNULL = YES;
				CLANG_ANALYZER_NUMBER_OBJECT_CONVERSION = YES_AGGRESSIVE;
				CLANG_CXX_LANGUAGE_STANDARD = "gnu++14";
				CLANG_CXX_LIBRARY = "libc++";
				CLANG_ENABLE_MODULES = YES;
				CLANG_ENABLE_OBJC_ARC = YES;
				CLANG_ENABLE_OBJC_WEAK = YES;
				CLANG_WARN_BLOCK_CAPTURE_AUTORELEASING = YES;
				CLANG_WARN_BOOL_CONVERSION = YES;
				CLANG_WARN_COMMA = YES;
				CLANG_WARN_CONSTANT_CONVERSION = YES;
				CLANG_WARN_DEPRECATED_OBJC_IMPLEMENTATIONS = YES;
				CLANG_WARN_DIRECT_OBJC_ISA_USAGE = YES_ERROR;
				CLANG_WARN_DOCUMENTATION_COMMENTS = YES;
				CLANG_WARN_EMPTY_BODY = YES;
				CLANG_WARN_ENUM_CONVERSION = YES;
				CLANG_WARN_INFINITE_RECURSION = YES;
				CLANG_WARN_INT_CONVERSION = YES;
				CLANG_WARN_NON_LITERAL_NULL_CONVERSION = YES;
				CLANG_WARN_OBJC_IMPLICIT_RETAIN_SELF = YES;
				CLANG_WARN_OBJC_LITERAL_CONVERSION = YES;
				CLANG_WARN_OBJC_ROOT_CLASS = YES_ERROR;
				CLANG_WARN_QUOTED_INCLUDE_IN_FRAMEWORK_HEADER = YES;
				CLANG_WARN_RANGE_LOOP_ANALYSIS = YES;
				CLANG_WARN_STRICT_PROTOTYPES = YES;
				CLANG_WARN_SUSPICIOUS_MOVE = YES;
				CLANG_WARN_UNGUARDED_AVAILABILITY = YES_AGGRESSIVE;
				CLANG_WARN_UNREACHABLE_CODE = YES;
				CLANG_WARN__DUPLICATE_METHOD_MATCH = YES;
				COPY_PHASE_STRIP = NO;
				DEBUG_INFORMATION_FORMAT = dwarf;
				ENABLE_STRICT_OBJC_MSGSEND = YES;
				ENABLE_TESTABILITY = YES;
				GCC_C_LANGUAGE_STANDARD = gnu11;
				GCC_DYNAMIC_NO_PIC = NO;
				GCC_NO_COMMON_BLOCKS = YES;
				GCC_OPTIMIZATION_LEVEL = 0;
				GCC_PREPROCESSOR_DEFINITIONS = (
					"DEBUG=1",
					"$(inherited)",
				);
				GCC_WARN_64_TO_32_BIT_CONVERSION = YES;
				GCC_WARN_ABOUT_RETURN_TYPE = YES_ERROR;
				GCC_WARN_UNDECLARED_SELECTOR = YES;
				GCC_WARN_UNINITIALIZED_AUTOS = YES_AGGRESSIVE;
				GCC_WARN_UNUSED_FUNCTION = YES;
				GCC_WARN_UNUSED_VARIABLE = YES;
				IPHONEOS_DEPLOYMENT_TARGET = 14.1;
				MTL_ENABLE_DEBUG_INFO = INCLUDE_SOURCE;
				MTL_FAST_MATH = YES;
				ONLY_ACTIVE_ARCH = YES;
				SDKROOT = iphoneos;
				SWIFT_ACTIVE_COMPILATION_CONDITIONS = DEBUG;
				SWIFT_OPTIMIZATION_LEVEL = "-Onone";
			};
			name = Debug;
		};
		044AAE49258CB26300F5EC4E /* Release */ = {
			isa = XCBuildConfiguration;
			buildSettings = {
				ALWAYS_SEARCH_USER_PATHS = NO;
				CLANG_ANALYZER_NONNULL = YES;
				CLANG_ANALYZER_NUMBER_OBJECT_CONVERSION = YES_AGGRESSIVE;
				CLANG_CXX_LANGUAGE_STANDARD = "gnu++14";
				CLANG_CXX_LIBRARY = "libc++";
				CLANG_ENABLE_MODULES = YES;
				CLANG_ENABLE_OBJC_ARC = YES;
				CLANG_ENABLE_OBJC_WEAK = YES;
				CLANG_WARN_BLOCK_CAPTURE_AUTORELEASING = YES;
				CLANG_WARN_BOOL_CONVERSION = YES;
				CLANG_WARN_COMMA = YES;
				CLANG_WARN_CONSTANT_CONVERSION = YES;
				CLANG_WARN_DEPRECATED_OBJC_IMPLEMENTATIONS = YES;
				CLANG_WARN_DIRECT_OBJC_ISA_USAGE = YES_ERROR;
				CLANG_WARN_DOCUMENTATION_COMMENTS = YES;
				CLANG_WARN_EMPTY_BODY = YES;
				CLANG_WARN_ENUM_CONVERSION = YES;
				CLANG_WARN_INFINITE_RECURSION = YES;
				CLANG_WARN_INT_CONVERSION = YES;
				CLANG_WARN_NON_LITERAL_NULL_CONVERSION = YES;
				CLANG_WARN_OBJC_IMPLICIT_RETAIN_SELF = YES;
				CLANG_WARN_OBJC_LITERAL_CONVERSION = YES;
				CLANG_WARN_OBJC_ROOT_CLASS = YES_ERROR;
				CLANG_WARN_QUOTED_INCLUDE_IN_FRAMEWORK_HEADER = YES;
				CLANG_WARN_RANGE_LOOP_ANALYSIS = YES;
				CLANG_WARN_STRICT_PROTOTYPES = YES;
				CLANG_WARN_SUSPICIOUS_MOVE = YES;
				CLANG_WARN_UNGUARDED_AVAILABILITY = YES_AGGRESSIVE;
				CLANG_WARN_UNREACHABLE_CODE = YES;
				CLANG_WARN__DUPLICATE_METHOD_MATCH = YES;
				COPY_PHASE_STRIP = NO;
				DEBUG_INFORMATION_FORMAT = "dwarf-with-dsym";
				ENABLE_NS_ASSERTIONS = NO;
				ENABLE_STRICT_OBJC_MSGSEND = YES;
				GCC_C_LANGUAGE_STANDARD = gnu11;
				GCC_NO_COMMON_BLOCKS = YES;
				GCC_WARN_64_TO_32_BIT_CONVERSION = YES;
				GCC_WARN_ABOUT_RETURN_TYPE = YES_ERROR;
				GCC_WARN_UNDECLARED_SELECTOR = YES;
				GCC_WARN_UNINITIALIZED_AUTOS = YES_AGGRESSIVE;
				GCC_WARN_UNUSED_FUNCTION = YES;
				GCC_WARN_UNUSED_VARIABLE = YES;
				IPHONEOS_DEPLOYMENT_TARGET = 14.1;
				MTL_ENABLE_DEBUG_INFO = NO;
				MTL_FAST_MATH = YES;
				SDKROOT = iphoneos;
				SWIFT_COMPILATION_MODE = wholemodule;
				SWIFT_OPTIMIZATION_LEVEL = "-O";
				VALIDATE_PRODUCT = YES;
			};
			name = Release;
		};
		044AAE4B258CB26300F5EC4E /* Debug */ = {
			isa = XCBuildConfiguration;
			buildSettings = {
				ASSETCATALOG_COMPILER_APPICON_NAME = AppIcon;
				ASSETCATALOG_COMPILER_GLOBAL_ACCENT_COLOR_NAME = AccentColor;
				CODE_SIGN_STYLE = Automatic;
				INFOPLIST_FILE = Lesson5HomeWork1/Info.plist;
				LD_RUNPATH_SEARCH_PATHS = (
					"$(inherited)",
					"@executable_path/Frameworks",
				);
				PRODUCT_BUNDLE_IDENTIFIER = EkaterinaPolupanova.Lesson5HomeWork1;
				PRODUCT_NAME = "$(TARGET_NAME)";
				SWIFT_VERSION = 5.0;
				TARGETED_DEVICE_FAMILY = "1,2";
			};
			name = Debug;
		};
		044AAE4C258CB26300F5EC4E /* Release */ = {
			isa = XCBuildConfiguration;
			buildSettings = {
				ASSETCATALOG_COMPILER_APPICON_NAME = AppIcon;
				ASSETCATALOG_COMPILER_GLOBAL_ACCENT_COLOR_NAME = AccentColor;
				CODE_SIGN_STYLE = Automatic;
				INFOPLIST_FILE = Lesson5HomeWork1/Info.plist;
				LD_RUNPATH_SEARCH_PATHS = (
					"$(inherited)",
					"@executable_path/Frameworks",
				);
				PRODUCT_BUNDLE_IDENTIFIER = EkaterinaPolupanova.Lesson5HomeWork1;
				PRODUCT_NAME = "$(TARGET_NAME)";
				SWIFT_VERSION = 5.0;
				TARGETED_DEVICE_FAMILY = "1,2";
			};
			name = Release;
		};
/* End XCBuildConfiguration section */

/* Begin XCConfigurationList section */
		044AAE31258CB26200F5EC4E /* Build configuration list for PBXProject "Lesson5HomeWork1" */ = {
			isa = XCConfigurationList;
			buildConfigurations = (
				044AAE48258CB26300F5EC4E /* Debug */,
				044AAE49258CB26300F5EC4E /* Release */,
			);
			defaultConfigurationIsVisible = 0;
			defaultConfigurationName = Release;
		};
		044AAE4A258CB26300F5EC4E /* Build configuration list for PBXNativeTarget "Lesson5HomeWork1" */ = {
			isa = XCConfigurationList;
			buildConfigurations = (
				044AAE4B258CB26300F5EC4E /* Debug */,
				044AAE4C258CB26300F5EC4E /* Release */,
			);
			defaultConfigurationIsVisible = 0;
			defaultConfigurationName = Release;
		};
/* End XCConfigurationList section */
	};
	rootObject = 044AAE2E258CB26200F5EC4E /* Project object */;
}
